{
  "name": "reducktor",
  "lockfileVersion": 3,
  "requires": true,
  "packages": {
    "": {
      "name": "reducktor",
      "devDependencies": {
        "compromise": "14.17.0",
        "compromise-dates": "3.9.0"
      }
    },
    "node_modules/compromise": {
      "version": "14.17.0",
      "resolved": "https://registry.npmjs.org/compromise/-/compromise-14.17.0.tgz",
      "integrity": "sha512-zw9iEcts/8tMDASNopMQEs3Pclkx2Xk7XCltAb/oV1LEZcCQpDaalAtFmvuxYo+wnVDsW3H3oT16mw9qVHpkqA==",
      "dev": true,
      "license": "MIT",
      "dependencies": {
        "efrt": "2.7.0",
        "grad-school": "0.0.5",
        "suffix-thumb": "5.0.3"
      },
      "engines": {
        "node": ">=12.0.0"
      }
    },
    "node_modules/compromise-dates": {
      "version": "3.9.0",
      "resolved": "https://registry.npmjs.org/compromise-dates/-/compromise-dates-3.9.0.tgz",
      "integrity": "sha512-6loUqHLEOuOc3H78qVUm0/kRfZyEcSFBsXIxhqq1jnm+ckadlumn8uiCc+66rlUZd9FumNJQybyDvxwjnp6bQw==",
      "dev": true,
      "license": "MIT",
      "dependencies": {
        "spacetime": "^7.14.0",
        "spacetime-holiday": "0.3.0"
      },
      "peerDependencies": {
        "compromise": ">=14.2.0"
      }
    },
    "node_modules/efrt": {
      "version": "2.7.0",
      "resolved": "https://registry.npmjs.org/efrt/-/efrt-2.7.0.tgz",
      "integrity": "sha512-/RInbCy1d4P6Zdfa+TMVsf/ufZVotat5hCw3QXmWtjU+3pFEOvOQ7ibo3aIxyCJw2leIeAMjmPj+1SLJiCpdrQ==",
      "dev": true,
      "license": "MIT",
      "engines": {
        "node": ">=12.0.0"
      }
    },
    "node_modules/grad-school": {
      "version": "0.0.5",
      "resolved": "https://registry.npmjs.org/grad-school/-/grad-school-0.0.5.tgz",
      "integrity": "sha512-rXunEHF9M9EkMydTBux7+IryYXEZinRk6g8OBOGDBzo/qWJjhTxy86i5q7lQYpCLHN8Sqv1XX3OIOc7ka2gtvQ==",
      "dev": true,
      "license": "MIT",
      "engines": {
        "node": ">=8.0.0"
      }
    },
    "node_modules/spacetime": {
      "version": "7.16.0",
      "resolved": "https://registry.npmjs.org/spacetime/-/spacetime-7.16.0.tgz",
      "integrity": "sha512-cPdUij56eMHjPXYG9oregln8OzgxBMH+L+nyXqXG5TH/W9aqYyXo4uTpmqw7/Mzl06RvD+h3vtO5JP4ScXTAag==",
      "dev": true,
      "license": "Apache-2.0",
      "engines": {
        "node": ">=18.0.0"
      }
    },
    "node_modules/spacetime-holiday": {
      "version": "0.3.0",
      "resolved": "https://registry.npmjs.org/spacetime-holiday/-/spacetime-holiday-0.3.0.tgz",
      "integrity": "sha512-rp4HRFJXxFL7CeKBFBMO2Xar2IyJyUpxY1ssAWCyf0iOvckwknvDgK04KwToASHX9vgd+4yQnTpytzJAs81R8g==",
      "dev": true,
      "peerDependencies": {
        "spacetime": ">=6.3.0"
      }
    },
    "node_modules/suffix-thumb": {
      "version": "5.0.3",
      "resolved": "https://registry.npmjs.org/suffix-thumb/-/suffix-thumb-5.0.3.tgz",
      "integrity": "sha512-d77avV91FwJkDA0juRQ19XjE1lE1cNCVIWS0ZRicXqdMN28yjO5LltzEkZBNAWS7qHpn37c1fU4PkIJ/rjJQEA==",
      "dev": true,
      "license": "MIT"
    }
  }
}
